
Microsoft Visual Studio Solution File, Format Version 12.00
# Visual Studio Version 17
VisualStudioVersion = 17.1.32421.90
MinimumVisualStudioVersion = 10.0.40219.1
Project("{FAE04EC0-301F-11D3-BF4B-00C04F79EFBC}") = "ProjetoAula05", "ProjetoAula05\ProjetoAula05.csproj", "{CC0BFD43-9C6B-4C10-AA5C-D22F7B859131}"
EndProject
Global
	GlobalSection(SolutionConfigurationPlatforms) = preSolution
		Debug|Any CPU = Debug|Any CPU
		Release|Any CPU = Release|Any CPU
	EndGlobalSection
	GlobalSection(ProjectConfigurationPlatforms) = postSolution
		{CC0BFD43-9C6B-4C10-AA5C-D22F7B859131}.Debug|Any CPU.ActiveCfg = Debug|Any CPU
		{CC0BFD43-9C6B-4C10-AA5C-D22F7B859131}.Debug|Any CPU.Build.0 = Debug|Any CPU
		{CC0BFD43-9C6B-4C10-AA5C-D22F7B859131}.Release|Any CPU.ActiveCfg = Release|Any CPU
		{CC0BFD43-9C6B-4C10-AA5C-D22F7B859131}.Release|Any CPU.Build.0 = Release|Any CPU
	EndGlobalSection
	GlobalSection(SolutionProperties) = preSolution
		HideSolutionNode = FALSE
	EndGlobalSection
	GlobalSection(ExtensibilityGlobals) = postSolution
		SolutionGuid = {C2E2BFFC-930A-4E35-9BD1-3F1933167416}
	EndGlobalSection
EndGlobal
